// !$*UTF8*$!
{
	archiveVersion = 1;
	classes = {
	};
	objectVersion = 50;
	objects = {

/* Begin PBXBuildFile section */
		2E15A5F42239AE93009BE659 /* AppDelegate.swift in Sources */ = {isa = PBXBuildFile; fileRef = 2E15A5F32239AE93009BE659 /* AppDelegate.swift */; };
		2E15A5F62239AE93009BE659 /* ListExampleViewController.swift in Sources */ = {isa = PBXBuildFile; fileRef = 2E15A5F52239AE93009BE659 /* ListExampleViewController.swift */; };
		2E15A5FD2239AE94009BE659 /* Assets.xcassets in Resources */ = {isa = PBXBuildFile; fileRef = 2E15A5FC2239AE94009BE659 /* Assets.xcassets */; };
		2E15A6002239AE94009BE659 /* LaunchScreen.storyboard in Resources */ = {isa = PBXBuildFile; fileRef = 2E15A5FE2239AE94009BE659 /* LaunchScreen.storyboard */; };
		2E15A61C2239AED9009BE659 /* DeclarativeTableViewController.framework in Frameworks */ = {isa = PBXBuildFile; fileRef = 2E51257722397CEA00B7C5BC /* DeclarativeTableViewController.framework */; };
		2E15A6232239B023009BE659 /* DiffResultTests.swift in Sources */ = {isa = PBXBuildFile; fileRef = 2E15A6222239B023009BE659 /* DiffResultTests.swift */; };
		2E15A6252239BE88009BE659 /* Song.swift in Sources */ = {isa = PBXBuildFile; fileRef = 2E15A6242239BE88009BE659 /* Song.swift */; };
		2E15A6272239CA47009BE659 /* DeclarativeTableViewController.framework in Frameworks */ = {isa = PBXBuildFile; fileRef = 2E51257722397CEA00B7C5BC /* DeclarativeTableViewController.framework */; };
		2E15A6282239CA47009BE659 /* DeclarativeTableViewController.framework in Embed Frameworks */ = {isa = PBXBuildFile; fileRef = 2E51257722397CEA00B7C5BC /* DeclarativeTableViewController.framework */; settings = {ATTRIBUTES = (CodeSignOnCopy, RemoveHeadersOnCopy, ); }; };
		2E15A62E2239D1BC009BE659 /* SongCell.swift in Sources */ = {isa = PBXBuildFile; fileRef = 2E15A62D2239D1BC009BE659 /* SongCell.swift */; };
		2E15A6302239DDC6009BE659 /* ListExampleViewControllerTests.swift in Sources */ = {isa = PBXBuildFile; fileRef = 2E15A62F2239DDC6009BE659 /* ListExampleViewControllerTests.swift */; };
		2E51258322397D4200B7C5BC /* DeclarativeTableViewController.swift in Sources */ = {isa = PBXBuildFile; fileRef = 2E51258222397D4200B7C5BC /* DeclarativeTableViewController.swift */; };
		2E51258D2239808600B7C5BC /* DiffResult.swift in Sources */ = {isa = PBXBuildFile; fileRef = 2E51258C2239808600B7C5BC /* DiffResult.swift */; };
		2E51258F223980F300B7C5BC /* TableViewSectionProvider.swift in Sources */ = {isa = PBXBuildFile; fileRef = 2E51258E223980F300B7C5BC /* TableViewSectionProvider.swift */; };
		2E5125912239810A00B7C5BC /* ReusableCellSection.swift in Sources */ = {isa = PBXBuildFile; fileRef = 2E5125902239810A00B7C5BC /* ReusableCellSection.swift */; };
		2E5125932239814100B7C5BC /* Section.swift in Sources */ = {isa = PBXBuildFile; fileRef = 2E5125922239814100B7C5BC /* Section.swift */; };
		2E51259A223981C800B7C5BC /* ButtonCell.swift in Sources */ = {isa = PBXBuildFile; fileRef = 2E512597223981C800B7C5BC /* ButtonCell.swift */; };
		2E51259B223981C800B7C5BC /* SelectableCell.swift in Sources */ = {isa = PBXBuildFile; fileRef = 2E512598223981C800B7C5BC /* SelectableCell.swift */; };
		2E51259C223981C800B7C5BC /* LoadingIndicatorCell.swift in Sources */ = {isa = PBXBuildFile; fileRef = 2E512599223981C800B7C5BC /* LoadingIndicatorCell.swift */; };
		2E51259F223981E500B7C5BC /* ConditionalCell.swift in Sources */ = {isa = PBXBuildFile; fileRef = 2E51259E223981E500B7C5BC /* ConditionalCell.swift */; };
		2E5125A22239824800B7C5BC /* Array+TableViewSectionProvider.swift in Sources */ = {isa = PBXBuildFile; fileRef = 2E5125A12239824800B7C5BC /* Array+TableViewSectionProvider.swift */; };
/* End PBXBuildFile section */

/* Begin PBXContainerItemProxy section */
		2E15A6072239AE94009BE659 /* PBXContainerItemProxy */ = {
			isa = PBXContainerItemProxy;
			containerPortal = 2E51256E22397CEA00B7C5BC /* Project object */;
			proxyType = 1;
			remoteGlobalIDString = 2E15A5F02239AE93009BE659;
			remoteInfo = "Demo App";
		};
		2E15A61D2239AED9009BE659 /* PBXContainerItemProxy */ = {
			isa = PBXContainerItemProxy;
			containerPortal = 2E51256E22397CEA00B7C5BC /* Project object */;
			proxyType = 1;
			remoteGlobalIDString = 2E51257622397CEA00B7C5BC;
			remoteInfo = DeclarativeTableViewController;
		};
		2E15A6292239CA47009BE659 /* PBXContainerItemProxy */ = {
			isa = PBXContainerItemProxy;
			containerPortal = 2E51256E22397CEA00B7C5BC /* Project object */;
			proxyType = 1;
			remoteGlobalIDString = 2E51257622397CEA00B7C5BC;
			remoteInfo = DeclarativeTableViewController;
		};
/* End PBXContainerItemProxy section */

/* Begin PBXCopyFilesBuildPhase section */
		2E15A62B2239CA47009BE659 /* Embed Frameworks */ = {
			isa = PBXCopyFilesBuildPhase;
			buildActionMask = 2147483647;
			dstPath = "";
			dstSubfolderSpec = 10;
			files = (
				2E15A6282239CA47009BE659 /* DeclarativeTableViewController.framework in Embed Frameworks */,
			);
			name = "Embed Frameworks";
			runOnlyForDeploymentPostprocessing = 0;
		};
/* End PBXCopyFilesBuildPhase section */

/* Begin PBXFileReference section */
		2E15A5F12239AE93009BE659 /* Demo App.app */ = {isa = PBXFileReference; explicitFileType = wrapper.application; includeInIndex = 0; path = "Demo App.app"; sourceTree = BUILT_PRODUCTS_DIR; };
		2E15A5F32239AE93009BE659 /* AppDelegate.swift */ = {isa = PBXFileReference; lastKnownFileType = sourcecode.swift; path = AppDelegate.swift; sourceTree = "<group>"; };
		2E15A5F52239AE93009BE659 /* ListExampleViewController.swift */ = {isa = PBXFileReference; lastKnownFileType = sourcecode.swift; path = ListExampleViewController.swift; sourceTree = "<group>"; };
		2E15A5FC2239AE94009BE659 /* Assets.xcassets */ = {isa = PBXFileReference; lastKnownFileType = folder.assetcatalog; path = Assets.xcassets; sourceTree = "<group>"; };
		2E15A5FF2239AE94009BE659 /* Base */ = {isa = PBXFileReference; lastKnownFileType = file.storyboard; name = Base; path = Base.lproj/LaunchScreen.storyboard; sourceTree = "<group>"; };
		2E15A6012239AE94009BE659 /* Info.plist */ = {isa = PBXFileReference; lastKnownFileType = text.plist.xml; path = Info.plist; sourceTree = "<group>"; };
		2E15A6062239AE94009BE659 /* Demo App UI Tests.xctest */ = {isa = PBXFileReference; explicitFileType = wrapper.cfbundle; includeInIndex = 0; path = "Demo App UI Tests.xctest"; sourceTree = BUILT_PRODUCTS_DIR; };
		2E15A60C2239AE94009BE659 /* Info.plist */ = {isa = PBXFileReference; lastKnownFileType = text.plist.xml; path = Info.plist; sourceTree = "<group>"; };
		2E15A6172239AED9009BE659 /* Unit Tests.xctest */ = {isa = PBXFileReference; explicitFileType = wrapper.cfbundle; includeInIndex = 0; path = "Unit Tests.xctest"; sourceTree = BUILT_PRODUCTS_DIR; };
		2E15A61B2239AED9009BE659 /* Info.plist */ = {isa = PBXFileReference; lastKnownFileType = text.plist.xml; path = Info.plist; sourceTree = "<group>"; };
		2E15A6222239B023009BE659 /* DiffResultTests.swift */ = {isa = PBXFileReference; lastKnownFileType = sourcecode.swift; path = DiffResultTests.swift; sourceTree = "<group>"; };
		2E15A6242239BE88009BE659 /* Song.swift */ = {isa = PBXFileReference; lastKnownFileType = sourcecode.swift; path = Song.swift; sourceTree = "<group>"; };
		2E15A62D2239D1BC009BE659 /* SongCell.swift */ = {isa = PBXFileReference; lastKnownFileType = sourcecode.swift; path = SongCell.swift; sourceTree = "<group>"; };
		2E15A62F2239DDC6009BE659 /* ListExampleViewControllerTests.swift */ = {isa = PBXFileReference; lastKnownFileType = sourcecode.swift; path = ListExampleViewControllerTests.swift; sourceTree = "<group>"; };
		2E51257722397CEA00B7C5BC /* DeclarativeTableViewController.framework */ = {isa = PBXFileReference; explicitFileType = wrapper.framework; includeInIndex = 0; path = DeclarativeTableViewController.framework; sourceTree = BUILT_PRODUCTS_DIR; };
		2E51257B22397CEA00B7C5BC /* Info.plist */ = {isa = PBXFileReference; lastKnownFileType = text.plist.xml; path = Info.plist; sourceTree = "<group>"; };
		2E51258222397D4200B7C5BC /* DeclarativeTableViewController.swift */ = {isa = PBXFileReference; lastKnownFileType = sourcecode.swift; path = DeclarativeTableViewController.swift; sourceTree = "<group>"; };
		2E51258C2239808600B7C5BC /* DiffResult.swift */ = {isa = PBXFileReference; lastKnownFileType = sourcecode.swift; path = DiffResult.swift; sourceTree = "<group>"; };
		2E51258E223980F300B7C5BC /* TableViewSectionProvider.swift */ = {isa = PBXFileReference; lastKnownFileType = sourcecode.swift; path = TableViewSectionProvider.swift; sourceTree = "<group>"; };
		2E5125902239810A00B7C5BC /* ReusableCellSection.swift */ = {isa = PBXFileReference; lastKnownFileType = sourcecode.swift; path = ReusableCellSection.swift; sourceTree = "<group>"; };
		2E5125922239814100B7C5BC /* Section.swift */ = {isa = PBXFileReference; lastKnownFileType = sourcecode.swift; path = Section.swift; sourceTree = "<group>"; };
		2E512597223981C800B7C5BC /* ButtonCell.swift */ = {isa = PBXFileReference; fileEncoding = 4; lastKnownFileType = sourcecode.swift; path = ButtonCell.swift; sourceTree = "<group>"; };
		2E512598223981C800B7C5BC /* SelectableCell.swift */ = {isa = PBXFileReference; fileEncoding = 4; lastKnownFileType = sourcecode.swift; path = SelectableCell.swift; sourceTree = "<group>"; };
		2E512599223981C800B7C5BC /* LoadingIndicatorCell.swift */ = {isa = PBXFileReference; fileEncoding = 4; lastKnownFileType = sourcecode.swift; path = LoadingIndicatorCell.swift; sourceTree = "<group>"; };
		2E51259E223981E500B7C5BC /* ConditionalCell.swift */ = {isa = PBXFileReference; lastKnownFileType = sourcecode.swift; path = ConditionalCell.swift; sourceTree = "<group>"; };
		2E5125A12239824800B7C5BC /* Array+TableViewSectionProvider.swift */ = {isa = PBXFileReference; lastKnownFileType = sourcecode.swift; path = "Array+TableViewSectionProvider.swift"; sourceTree = "<group>"; };
/* End PBXFileReference section */

/* Begin PBXFrameworksBuildPhase section */
		2E15A5EE2239AE93009BE659 /* Frameworks */ = {
			isa = PBXFrameworksBuildPhase;
			buildActionMask = 2147483647;
			files = (
				2E15A6272239CA47009BE659 /* DeclarativeTableViewController.framework in Frameworks */,
			);
			runOnlyForDeploymentPostprocessing = 0;
		};
		2E15A6032239AE94009BE659 /* Frameworks */ = {
			isa = PBXFrameworksBuildPhase;
			buildActionMask = 2147483647;
			files = (
			);
			runOnlyForDeploymentPostprocessing = 0;
		};
		2E15A6142239AED9009BE659 /* Frameworks */ = {
			isa = PBXFrameworksBuildPhase;
			buildActionMask = 2147483647;
			files = (
				2E15A61C2239AED9009BE659 /* DeclarativeTableViewController.framework in Frameworks */,
			);
			runOnlyForDeploymentPostprocessing = 0;
		};
		2E51257422397CEA00B7C5BC /* Frameworks */ = {
			isa = PBXFrameworksBuildPhase;
			buildActionMask = 2147483647;
			files = (
			);
			runOnlyForDeploymentPostprocessing = 0;
		};
/* End PBXFrameworksBuildPhase section */

/* Begin PBXGroup section */
		2E15A5F22239AE93009BE659 /* Demo App */ = {
			isa = PBXGroup;
			children = (
				2E15A5F52239AE93009BE659 /* ListExampleViewController.swift */,
				2E15A62C2239D1B4009BE659 /* Cells */,
				2E15A6262239BE8B009BE659 /* Model */,
				2E15A5F32239AE93009BE659 /* AppDelegate.swift */,
				2E15A5FC2239AE94009BE659 /* Assets.xcassets */,
				2E15A5FE2239AE94009BE659 /* LaunchScreen.storyboard */,
				2E15A6012239AE94009BE659 /* Info.plist */,
			);
			path = "Demo App";
			sourceTree = "<group>";
		};
		2E15A6092239AE94009BE659 /* Demo App UI Tests */ = {
			isa = PBXGroup;
			children = (
				2E15A60C2239AE94009BE659 /* Info.plist */,
				2E15A62F2239DDC6009BE659 /* ListExampleViewControllerTests.swift */,
			);
			path = "Demo App UI Tests";
			sourceTree = "<group>";
		};
		2E15A6182239AED9009BE659 /* Unit Tests */ = {
			isa = PBXGroup;
			children = (
				2E15A6222239B023009BE659 /* DiffResultTests.swift */,
				2E15A61B2239AED9009BE659 /* Info.plist */,
			);
			path = "Unit Tests";
			sourceTree = "<group>";
		};
		2E15A6262239BE8B009BE659 /* Model */ = {
			isa = PBXGroup;
			children = (
				2E15A6242239BE88009BE659 /* Song.swift */,
			);
			path = Model;
			sourceTree = "<group>";
		};
		2E15A62C2239D1B4009BE659 /* Cells */ = {
			isa = PBXGroup;
			children = (
				2E15A62D2239D1BC009BE659 /* SongCell.swift */,
			);
			path = Cells;
			sourceTree = "<group>";
		};
		2E51256D22397CEA00B7C5BC = {
			isa = PBXGroup;
			children = (
				2E51257922397CEA00B7C5BC /* DeclarativeTableViewController */,
				2E15A6182239AED9009BE659 /* Unit Tests */,
				2E15A5F22239AE93009BE659 /* Demo App */,
				2E15A6092239AE94009BE659 /* Demo App UI Tests */,
				2E51257822397CEA00B7C5BC /* Products */,
			);
			sourceTree = "<group>";
		};
		2E51257822397CEA00B7C5BC /* Products */ = {
			isa = PBXGroup;
			children = (
				2E51257722397CEA00B7C5BC /* DeclarativeTableViewController.framework */,
				2E15A5F12239AE93009BE659 /* Demo App.app */,
				2E15A6062239AE94009BE659 /* Demo App UI Tests.xctest */,
				2E15A6172239AED9009BE659 /* Unit Tests.xctest */,
			);
			name = Products;
			sourceTree = "<group>";
		};
		2E51257922397CEA00B7C5BC /* DeclarativeTableViewController */ = {
			isa = PBXGroup;
			children = (
				2E51258222397D4200B7C5BC /* DeclarativeTableViewController.swift */,
				2E5125942239819500B7C5BC /* Sections */,
				2E512596223981C800B7C5BC /* Cells */,
				2E51259D223981CB00B7C5BC /* Utils */,
				2E51257B22397CEA00B7C5BC /* Info.plist */,
			);
			path = DeclarativeTableViewController;
			sourceTree = "<group>";
		};
		2E5125942239819500B7C5BC /* Sections */ = {
			isa = PBXGroup;
			children = (
				2E51258E223980F300B7C5BC /* TableViewSectionProvider.swift */,
				2E5125922239814100B7C5BC /* Section.swift */,
				2E5125902239810A00B7C5BC /* ReusableCellSection.swift */,
			);
			path = Sections;
			sourceTree = "<group>";
		};
		2E512596223981C800B7C5BC /* Cells */ = {
			isa = PBXGroup;
			children = (
				2E51259E223981E500B7C5BC /* ConditionalCell.swift */,
				2E512598223981C800B7C5BC /* SelectableCell.swift */,
				2E5125A02239820000B7C5BC /* Stock UITableViewCells */,
			);
			path = Cells;
			sourceTree = "<group>";
		};
		2E51259D223981CB00B7C5BC /* Utils */ = {
			isa = PBXGroup;
			children = (
				2E51258C2239808600B7C5BC /* DiffResult.swift */,
				2E5125A12239824800B7C5BC /* Array+TableViewSectionProvider.swift */,
			);
			path = Utils;
			sourceTree = "<group>";
		};
		2E5125A02239820000B7C5BC /* Stock UITableViewCells */ = {
			isa = PBXGroup;
			children = (
				2E512597223981C800B7C5BC /* ButtonCell.swift */,
				2E512599223981C800B7C5BC /* LoadingIndicatorCell.swift */,
			);
			path = "Stock UITableViewCells";
			sourceTree = "<group>";
		};
/* End PBXGroup section */

/* Begin PBXHeadersBuildPhase section */
		2E51257222397CEA00B7C5BC /* Headers */ = {
			isa = PBXHeadersBuildPhase;
			buildActionMask = 2147483647;
			files = (
			);
			runOnlyForDeploymentPostprocessing = 0;
		};
/* End PBXHeadersBuildPhase section */

/* Begin PBXNativeTarget section */
		2E15A5F02239AE93009BE659 /* Demo App */ = {
			isa = PBXNativeTarget;
			buildConfigurationList = 2E15A6112239AE95009BE659 /* Build configuration list for PBXNativeTarget "Demo App" */;
			buildPhases = (
				2E15A5ED2239AE93009BE659 /* Sources */,
				2E15A5EE2239AE93009BE659 /* Frameworks */,
				2E15A5EF2239AE93009BE659 /* Resources */,
				2E15A62B2239CA47009BE659 /* Embed Frameworks */,
			);
			buildRules = (
			);
			dependencies = (
				2E15A62A2239CA47009BE659 /* PBXTargetDependency */,
			);
			name = "Demo App";
			productName = "Demo App";
			productReference = 2E15A5F12239AE93009BE659 /* Demo App.app */;
			productType = "com.apple.product-type.application";
		};
		2E15A6052239AE94009BE659 /* Demo App UI Tests */ = {
			isa = PBXNativeTarget;
			buildConfigurationList = 2E15A6122239AE95009BE659 /* Build configuration list for PBXNativeTarget "Demo App UI Tests" */;
			buildPhases = (
				2E15A6022239AE94009BE659 /* Sources */,
				2E15A6032239AE94009BE659 /* Frameworks */,
				2E15A6042239AE94009BE659 /* Resources */,
			);
			buildRules = (
			);
			dependencies = (
				2E15A6082239AE94009BE659 /* PBXTargetDependency */,
			);
			name = "Demo App UI Tests";
			productName = "Demo AppUITests";
			productReference = 2E15A6062239AE94009BE659 /* Demo App UI Tests.xctest */;
			productType = "com.apple.product-type.bundle.ui-testing";
		};
		2E15A6162239AED9009BE659 /* Unit Tests */ = {
			isa = PBXNativeTarget;
			buildConfigurationList = 2E15A61F2239AED9009BE659 /* Build configuration list for PBXNativeTarget "Unit Tests" */;
			buildPhases = (
				2E15A6132239AED9009BE659 /* Sources */,
				2E15A6142239AED9009BE659 /* Frameworks */,
				2E15A6152239AED9009BE659 /* Resources */,
			);
			buildRules = (
			);
			dependencies = (
				2E15A61E2239AED9009BE659 /* PBXTargetDependency */,
			);
			name = "Unit Tests";
			productName = DeclarativeTableViewControllerTests;
			productReference = 2E15A6172239AED9009BE659 /* Unit Tests.xctest */;
			productType = "com.apple.product-type.bundle.unit-test";
		};
		2E51257622397CEA00B7C5BC /* DeclarativeTableViewController */ = {
			isa = PBXNativeTarget;
			buildConfigurationList = 2E51257F22397CEA00B7C5BC /* Build configuration list for PBXNativeTarget "DeclarativeTableViewController" */;
			buildPhases = (
				2E51257222397CEA00B7C5BC /* Headers */,
				2E51257322397CEA00B7C5BC /* Sources */,
				2E51257422397CEA00B7C5BC /* Frameworks */,
				2E51257522397CEA00B7C5BC /* Resources */,
			);
			buildRules = (
			);
			dependencies = (
			);
			name = DeclarativeTableViewController;
			productName = DeclarativeTableViewController;
			productReference = 2E51257722397CEA00B7C5BC /* DeclarativeTableViewController.framework */;
			productType = "com.apple.product-type.framework";
		};
/* End PBXNativeTarget section */

/* Begin PBXProject section */
		2E51256E22397CEA00B7C5BC /* Project object */ = {
			isa = PBXProject;
			attributes = {
				LastSwiftUpdateCheck = 1010;
				LastUpgradeCheck = 1010;
				ORGANIZATIONNAME = "Cal Stephens";
				TargetAttributes = {
					2E15A5F02239AE93009BE659 = {
						CreatedOnToolsVersion = 10.1;
					};
					2E15A6052239AE94009BE659 = {
						CreatedOnToolsVersion = 10.1;
						LastSwiftMigration = 1010;
						TestTargetID = 2E15A5F02239AE93009BE659;
					};
					2E15A6162239AED9009BE659 = {
						CreatedOnToolsVersion = 10.1;
						LastSwiftMigration = 1010;
					};
					2E51257622397CEA00B7C5BC = {
						CreatedOnToolsVersion = 10.1;
						LastSwiftMigration = 1010;
					};
				};
			};
			buildConfigurationList = 2E51257122397CEA00B7C5BC /* Build configuration list for PBXProject "DeclarativeTableViewController" */;
			compatibilityVersion = "Xcode 9.3";
			developmentRegion = en;
			hasScannedForEncodings = 0;
			knownRegions = (
				en,
				Base,
			);
			mainGroup = 2E51256D22397CEA00B7C5BC;
			productRefGroup = 2E51257822397CEA00B7C5BC /* Products */;
			projectDirPath = "";
			projectRoot = "";
			targets = (
				2E51257622397CEA00B7C5BC /* DeclarativeTableViewController */,
				2E15A5F02239AE93009BE659 /* Demo App */,
				2E15A6162239AED9009BE659 /* Unit Tests */,
				2E15A6052239AE94009BE659 /* Demo App UI Tests */,
			);
		};
/* End PBXProject section */

/* Begin PBXResourcesBuildPhase section */
		2E15A5EF2239AE93009BE659 /* Resources */ = {
			isa = PBXResourcesBuildPhase;
			buildActionMask = 2147483647;
			files = (
				2E15A6002239AE94009BE659 /* LaunchScreen.storyboard in Resources */,
				2E15A5FD2239AE94009BE659 /* Assets.xcassets in Resources */,
			);
			runOnlyForDeploymentPostprocessing = 0;
		};
		2E15A6042239AE94009BE659 /* Resources */ = {
			isa = PBXResourcesBuildPhase;
			buildActionMask = 2147483647;
			files = (
			);
			runOnlyForDeploymentPostprocessing = 0;
		};
		2E15A6152239AED9009BE659 /* Resources */ = {
			isa = PBXResourcesBuildPhase;
			buildActionMask = 2147483647;
			files = (
			);
			runOnlyForDeploymentPostprocessing = 0;
		};
		2E51257522397CEA00B7C5BC /* Resources */ = {
			isa = PBXResourcesBuildPhase;
			buildActionMask = 2147483647;
			files = (
			);
			runOnlyForDeploymentPostprocessing = 0;
		};
/* End PBXResourcesBuildPhase section */

/* Begin PBXSourcesBuildPhase section */
		2E15A5ED2239AE93009BE659 /* Sources */ = {
			isa = PBXSourcesBuildPhase;
			buildActionMask = 2147483647;
			files = (
				2E15A62E2239D1BC009BE659 /* SongCell.swift in Sources */,
				2E15A6252239BE88009BE659 /* Song.swift in Sources */,
				2E15A5F42239AE93009BE659 /* AppDelegate.swift in Sources */,
				2E15A5F62239AE93009BE659 /* ListExampleViewController.swift in Sources */,
			);
			runOnlyForDeploymentPostprocessing = 0;
		};
		2E15A6022239AE94009BE659 /* Sources */ = {
			isa = PBXSourcesBuildPhase;
			buildActionMask = 2147483647;
			files = (
				2E15A6302239DDC6009BE659 /* ListExampleViewControllerTests.swift in Sources */,
			);
			runOnlyForDeploymentPostprocessing = 0;
		};
		2E15A6132239AED9009BE659 /* Sources */ = {
			isa = PBXSourcesBuildPhase;
			buildActionMask = 2147483647;
			files = (
				2E15A6232239B023009BE659 /* DiffResultTests.swift in Sources */,
			);
			runOnlyForDeploymentPostprocessing = 0;
		};
		2E51257322397CEA00B7C5BC /* Sources */ = {
			isa = PBXSourcesBuildPhase;
			buildActionMask = 2147483647;
			files = (
				2E51259C223981C800B7C5BC /* LoadingIndicatorCell.swift in Sources */,
				2E51258D2239808600B7C5BC /* DiffResult.swift in Sources */,
				2E51259F223981E500B7C5BC /* ConditionalCell.swift in Sources */,
				2E51258F223980F300B7C5BC /* TableViewSectionProvider.swift in Sources */,
				2E51258322397D4200B7C5BC /* DeclarativeTableViewController.swift in Sources */,
				2E51259B223981C800B7C5BC /* SelectableCell.swift in Sources */,
				2E5125912239810A00B7C5BC /* ReusableCellSection.swift in Sources */,
				2E5125932239814100B7C5BC /* Section.swift in Sources */,
				2E5125A22239824800B7C5BC /* Array+TableViewSectionProvider.swift in Sources */,
				2E51259A223981C800B7C5BC /* ButtonCell.swift in Sources */,
			);
			runOnlyForDeploymentPostprocessing = 0;
		};
/* End PBXSourcesBuildPhase section */

/* Begin PBXTargetDependency section */
		2E15A6082239AE94009BE659 /* PBXTargetDependency */ = {
			isa = PBXTargetDependency;
			target = 2E15A5F02239AE93009BE659 /* Demo App */;
			targetProxy = 2E15A6072239AE94009BE659 /* PBXContainerItemProxy */;
		};
		2E15A61E2239AED9009BE659 /* PBXTargetDependency */ = {
			isa = PBXTargetDependency;
			target = 2E51257622397CEA00B7C5BC /* DeclarativeTableViewController */;
			targetProxy = 2E15A61D2239AED9009BE659 /* PBXContainerItemProxy */;
		};
		2E15A62A2239CA47009BE659 /* PBXTargetDependency */ = {
			isa = PBXTargetDependency;
			target = 2E51257622397CEA00B7C5BC /* DeclarativeTableViewController */;
			targetProxy = 2E15A6292239CA47009BE659 /* PBXContainerItemProxy */;
		};
/* End PBXTargetDependency section */

/* Begin PBXVariantGroup section */
		2E15A5FE2239AE94009BE659 /* LaunchScreen.storyboard */ = {
			isa = PBXVariantGroup;
			children = (
				2E15A5FF2239AE94009BE659 /* Base */,
			);
			name = LaunchScreen.storyboard;
			sourceTree = "<group>";
		};
/* End PBXVariantGroup section */

/* Begin XCBuildConfiguration section */
		2E15A60D2239AE95009BE659 /* Debug */ = {
			isa = XCBuildConfiguration;
			buildSettings = {
				ALWAYS_EMBED_SWIFT_STANDARD_LIBRARIES = YES;
				ASSETCATALOG_COMPILER_APPICON_NAME = AppIcon;
				CODE_SIGN_STYLE = Automatic;
				INFOPLIST_FILE = "Demo App/Info.plist";
				IPHONEOS_DEPLOYMENT_TARGET = 11.0;
				LD_RUNPATH_SEARCH_PATHS = (
					"$(inherited)",
					"@executable_path/Frameworks",
				);
				PRODUCT_BUNDLE_IDENTIFIER = "tech.calstephens.DeclarativeTableViewController.Demo-App";
				PRODUCT_NAME = "$(TARGET_NAME)";
				SWIFT_VERSION = 4.2;
				TARGETED_DEVICE_FAMILY = "1,2";
			};
			name = Debug;
		};
		2E15A60E2239AE95009BE659 /* Release */ = {
			isa = XCBuildConfiguration;
			buildSettings = {
				ALWAYS_EMBED_SWIFT_STANDARD_LIBRARIES = YES;
				ASSETCATALOG_COMPILER_APPICON_NAME = AppIcon;
				CODE_SIGN_STYLE = Automatic;
				INFOPLIST_FILE = "Demo App/Info.plist";
				IPHONEOS_DEPLOYMENT_TARGET = 11.0;
				LD_RUNPATH_SEARCH_PATHS = (
					"$(inherited)",
					"@executable_path/Frameworks",
				);
				PRODUCT_BUNDLE_IDENTIFIER = "tech.calstephens.DeclarativeTableViewController.Demo-App";
				PRODUCT_NAME = "$(TARGET_NAME)";
				SWIFT_VERSION = 4.2;
				TARGETED_DEVICE_FAMILY = "1,2";
			};
			name = Release;
		};
		2E15A60F2239AE95009BE659 /* Debug */ = {
			isa = XCBuildConfiguration;
			buildSettings = {
				ALWAYS_EMBED_SWIFT_STANDARD_LIBRARIES = YES;
				CLANG_ENABLE_MODULES = YES;
				CODE_SIGN_STYLE = Automatic;
				INFOPLIST_FILE = "Demo App UI Tests/Info.plist";
				LD_RUNPATH_SEARCH_PATHS = (
					"$(inherited)",
					"@executable_path/Frameworks",
					"@loader_path/Frameworks",
				);
				PRODUCT_BUNDLE_IDENTIFIER = "tech.calstephens.DeclarativeTableViewController.Demo-AppUITests";
				PRODUCT_NAME = "$(TARGET_NAME)";
				SWIFT_OPTIMIZATION_LEVEL = "-Onone";
				SWIFT_VERSION = 4.2;
				TARGETED_DEVICE_FAMILY = "1,2";
				TEST_TARGET_NAME = "Demo App";
			};
			name = Debug;
		};
		2E15A6102239AE95009BE659 /* Release */ = {
			isa = XCBuildConfiguration;
			buildSettings = {
				ALWAYS_EMBED_SWIFT_STANDARD_LIBRARIES = YES;
				CLANG_ENABLE_MODULES = YES;
				CODE_SIGN_STYLE = Automatic;
				INFOPLIST_FILE = "Demo App UI Tests/Info.plist";
				LD_RUNPATH_SEARCH_PATHS = (
					"$(inherited)",
					"@executable_path/Frameworks",
					"@loader_path/Frameworks",
				);
				PRODUCT_BUNDLE_IDENTIFIER = "tech.calstephens.DeclarativeTableViewController.Demo-AppUITests";
				PRODUCT_NAME = "$(TARGET_NAME)";
				SWIFT_VERSION = 4.2;
				TARGETED_DEVICE_FAMILY = "1,2";
				TEST_TARGET_NAME = "Demo App";
			};
			name = Release;
		};
		2E15A6202239AED9009BE659 /* Debug */ = {
			isa = XCBuildConfiguration;
			buildSettings = {
				CLANG_ENABLE_MODULES = YES;
				CODE_SIGN_STYLE = Automatic;
				INFOPLIST_FILE = "Unit Tests/Info.plist";
				LD_RUNPATH_SEARCH_PATHS = (
					"$(inherited)",
					"@executable_path/Frameworks",
					"@loader_path/Frameworks",
				);
				PRODUCT_BUNDLE_IDENTIFIER = tech.calstephens.DeclarativeTableViewController.DeclarativeTableViewControllerTests;
				PRODUCT_NAME = "$(TARGET_NAME)";
				SWIFT_OPTIMIZATION_LEVEL = "-Onone";
				SWIFT_VERSION = 4.2;
				TARGETED_DEVICE_FAMILY = "1,2";
			};
			name = Debug;
		};
		2E15A6212239AED9009BE659 /* Release */ = {
			isa = XCBuildConfiguration;
			buildSettings = {
				CLANG_ENABLE_MODULES = YES;
				CODE_SIGN_STYLE = Automatic;
				INFOPLIST_FILE = "Unit Tests/Info.plist";
				LD_RUNPATH_SEARCH_PATHS = (
					"$(inherited)",
					"@executable_path/Frameworks",
					"@loader_path/Frameworks",
				);
				PRODUCT_BUNDLE_IDENTIFIER = tech.calstephens.DeclarativeTableViewController.DeclarativeTableViewControllerTests;
				PRODUCT_NAME = "$(TARGET_NAME)";
				SWIFT_VERSION = 4.2;
				TARGETED_DEVICE_FAMILY = "1,2";
			};
			name = Release;
		};
		2E51257D22397CEA00B7C5BC /* Debug */ = {
			isa = XCBuildConfiguration;
			buildSettings = {
				ALWAYS_SEARCH_USER_PATHS = NO;
				CLANG_ANALYZER_NONNULL = YES;
				CLANG_ANALYZER_NUMBER_OBJECT_CONVERSION = YES_AGGRESSIVE;
				CLANG_CXX_LANGUAGE_STANDARD = "gnu++14";
				CLANG_CXX_LIBRARY = "libc++";
				CLANG_ENABLE_MODULES = YES;
				CLANG_ENABLE_OBJC_ARC = YES;
				CLANG_ENABLE_OBJC_WEAK = YES;
				CLANG_WARN_BLOCK_CAPTURE_AUTORELEASING = YES;
				CLANG_WARN_BOOL_CONVERSION = YES;
				CLANG_WARN_COMMA = YES;
				CLANG_WARN_CONSTANT_CONVERSION = YES;
				CLANG_WARN_DEPRECATED_OBJC_IMPLEMENTATIONS = YES;
				CLANG_WARN_DIRECT_OBJC_ISA_USAGE = YES_ERROR;
				CLANG_WARN_DOCUMENTATION_COMMENTS = YES;
				CLANG_WARN_EMPTY_BODY = YES;
				CLANG_WARN_ENUM_CONVERSION = YES;
				CLANG_WARN_INFINITE_RECURSION = YES;
				CLANG_WARN_INT_CONVERSION = YES;
				CLANG_WARN_NON_LITERAL_NULL_CONVERSION = YES;
				CLANG_WARN_OBJC_IMPLICIT_RETAIN_SELF = YES;
				CLANG_WARN_OBJC_LITERAL_CONVERSION = YES;
				CLANG_WARN_OBJC_ROOT_CLASS = YES_ERROR;
				CLANG_WARN_RANGE_LOOP_ANALYSIS = YES;
				CLANG_WARN_STRICT_PROTOTYPES = YES;
				CLANG_WARN_SUSPICIOUS_MOVE = YES;
				CLANG_WARN_UNGUARDED_AVAILABILITY = YES_AGGRESSIVE;
				CLANG_WARN_UNREACHABLE_CODE = YES;
				CLANG_WARN__DUPLICATE_METHOD_MATCH = YES;
				CODE_SIGN_IDENTITY = "iPhone Developer";
				COPY_PHASE_STRIP = NO;
				CURRENT_PROJECT_VERSION = 1;
				DEBUG_INFORMATION_FORMAT = dwarf;
				ENABLE_STRICT_OBJC_MSGSEND = YES;
				ENABLE_TESTABILITY = YES;
				GCC_C_LANGUAGE_STANDARD = gnu11;
				GCC_DYNAMIC_NO_PIC = NO;
				GCC_NO_COMMON_BLOCKS = YES;
				GCC_OPTIMIZATION_LEVEL = 0;
				GCC_PREPROCESSOR_DEFINITIONS = (
					"DEBUG=1",
					"$(inherited)",
				);
				GCC_WARN_64_TO_32_BIT_CONVERSION = YES;
				GCC_WARN_ABOUT_RETURN_TYPE = YES_ERROR;
				GCC_WARN_UNDECLARED_SELECTOR = YES;
				GCC_WARN_UNINITIALIZED_AUTOS = YES_AGGRESSIVE;
				GCC_WARN_UNUSED_FUNCTION = YES;
				GCC_WARN_UNUSED_VARIABLE = YES;
				IPHONEOS_DEPLOYMENT_TARGET = 12.1;
				MTL_ENABLE_DEBUG_INFO = INCLUDE_SOURCE;
				MTL_FAST_MATH = YES;
				ONLY_ACTIVE_ARCH = YES;
				SDKROOT = iphoneos;
				SWIFT_ACTIVE_COMPILATION_CONDITIONS = DEBUG;
				SWIFT_OPTIMIZATION_LEVEL = "-Onone";
				VERSIONING_SYSTEM = "apple-generic";
				VERSION_INFO_PREFIX = "";
			};
			name = Debug;
		};
		2E51257E22397CEA00B7C5BC /* Release */ = {
			isa = XCBuildConfiguration;
			buildSettings = {
				ALWAYS_SEARCH_USER_PATHS = NO;
				CLANG_ANALYZER_NONNULL = YES;
				CLANG_ANALYZER_NUMBER_OBJECT_CONVERSION = YES_AGGRESSIVE;
				CLANG_CXX_LANGUAGE_STANDARD = "gnu++14";
				CLANG_CXX_LIBRARY = "libc++";
				CLANG_ENABLE_MODULES = YES;
				CLANG_ENABLE_OBJC_ARC = YES;
				CLANG_ENABLE_OBJC_WEAK = YES;
				CLANG_WARN_BLOCK_CAPTURE_AUTORELEASING = YES;
				CLANG_WARN_BOOL_CONVERSION = YES;
				CLANG_WARN_COMMA = YES;
				CLANG_WARN_CONSTANT_CONVERSION = YES;
				CLANG_WARN_DEPRECATED_OBJC_IMPLEMENTATIONS = YES;
				CLANG_WARN_DIRECT_OBJC_ISA_USAGE = YES_ERROR;
				CLANG_WARN_DOCUMENTATION_COMMENTS = YES;
				CLANG_WARN_EMPTY_BODY = YES;
				CLANG_WARN_ENUM_CONVERSION = YES;
				CLANG_WARN_INFINITE_RECURSION = YES;
				CLANG_WARN_INT_CONVERSION = YES;
				CLANG_WARN_NON_LITERAL_NULL_CONVERSION = YES;
				CLANG_WARN_OBJC_IMPLICIT_RETAIN_SELF = YES;
				CLANG_WARN_OBJC_LITERAL_CONVERSION = YES;
				CLANG_WARN_OBJC_ROOT_CLASS = YES_ERROR;
				CLANG_WARN_RANGE_LOOP_ANALYSIS = YES;
				CLANG_WARN_STRICT_PROTOTYPES = YES;
				CLANG_WARN_SUSPICIOUS_MOVE = YES;
				CLANG_WARN_UNGUARDED_AVAILABILITY = YES_AGGRESSIVE;
				CLANG_WARN_UNREACHABLE_CODE = YES;
				CLANG_WARN__DUPLICATE_METHOD_MATCH = YES;
				CODE_SIGN_IDENTITY = "iPhone Developer";
				COPY_PHASE_STRIP = NO;
				CURRENT_PROJECT_VERSION = 1;
				DEBUG_INFORMATION_FORMAT = "dwarf-with-dsym";
				ENABLE_NS_ASSERTIONS = NO;
				ENABLE_STRICT_OBJC_MSGSEND = YES;
				GCC_C_LANGUAGE_STANDARD = gnu11;
				GCC_NO_COMMON_BLOCKS = YES;
				GCC_WARN_64_TO_32_BIT_CONVERSION = YES;
				GCC_WARN_ABOUT_RETURN_TYPE = YES_ERROR;
				GCC_WARN_UNDECLARED_SELECTOR = YES;
				GCC_WARN_UNINITIALIZED_AUTOS = YES_AGGRESSIVE;
				GCC_WARN_UNUSED_FUNCTION = YES;
				GCC_WARN_UNUSED_VARIABLE = YES;
				IPHONEOS_DEPLOYMENT_TARGET = 12.1;
				MTL_ENABLE_DEBUG_INFO = NO;
				MTL_FAST_MATH = YES;
				SDKROOT = iphoneos;
				SWIFT_COMPILATION_MODE = wholemodule;
				SWIFT_OPTIMIZATION_LEVEL = "-O";
				VALIDATE_PRODUCT = YES;
				VERSIONING_SYSTEM = "apple-generic";
				VERSION_INFO_PREFIX = "";
			};
			name = Release;
		};
		2E51258022397CEA00B7C5BC /* Debug */ = {
			isa = XCBuildConfiguration;
			buildSettings = {
				CLANG_ENABLE_MODULES = YES;
				CODE_SIGN_IDENTITY = "";
				CODE_SIGN_STYLE = Automatic;
				DEFINES_MODULE = YES;
				DYLIB_COMPATIBILITY_VERSION = 1;
				DYLIB_CURRENT_VERSION = 1;
				DYLIB_INSTALL_NAME_BASE = "@rpath";
				INFOPLIST_FILE = DeclarativeTableViewController/Info.plist;
				INSTALL_PATH = "$(LOCAL_LIBRARY_DIR)/Frameworks";
				IPHONEOS_DEPLOYMENT_TARGET = 9.0;
				LD_RUNPATH_SEARCH_PATHS = (
					"$(inherited)",
					"@executable_path/Frameworks",
					"@loader_path/Frameworks",
				);
				PRODUCT_BUNDLE_IDENTIFIER = tech.calstephens.DeclarativeTableViewController;
				PRODUCT_NAME = "$(TARGET_NAME:c99extidentifier)";
				SKIP_INSTALL = YES;
				SWIFT_OPTIMIZATION_LEVEL = "-Onone";
				SWIFT_VERSION = 4.2;
				TARGETED_DEVICE_FAMILY = "1,2";
			};
			name = Debug;
		};
		2E51258122397CEA00B7C5BC /* Release */ = {
			isa = XCBuildConfiguration;
			buildSettings = {
				CLANG_ENABLE_MODULES = YES;
				CODE_SIGN_IDENTITY = "";
				CODE_SIGN_STYLE = Automatic;
				DEFINES_MODULE = YES;
				DYLIB_COMPATIBILITY_VERSION = 1;
				DYLIB_CURRENT_VERSION = 1;
				DYLIB_INSTALL_NAME_BASE = "@rpath";
				INFOPLIST_FILE = DeclarativeTableViewController/Info.plist;
				INSTALL_PATH = "$(LOCAL_LIBRARY_DIR)/Frameworks";
				IPHONEOS_DEPLOYMENT_TARGET = 9.0;
				LD_RUNPATH_SEARCH_PATHS = (
					"$(inherited)",
					"@executable_path/Frameworks",
					"@loader_path/Frameworks",
				);
				PRODUCT_BUNDLE_IDENTIFIER = tech.calstephens.DeclarativeTableViewController;
				PRODUCT_NAME = "$(TARGET_NAME:c99extidentifier)";
				SKIP_INSTALL = YES;
				SWIFT_VERSION = 4.2;
				TARGETED_DEVICE_FAMILY = "1,2";
			};
			name = Release;
		};
/* End XCBuildConfiguration section */

/* Begin XCConfigurationList section */
		2E15A6112239AE95009BE659 /* Build configuration list for PBXNativeTarget "Demo App" */ = {
			isa = XCConfigurationList;
			buildConfigurations = (
				2E15A60D2239AE95009BE659 /* Debug */,
				2E15A60E2239AE95009BE659 /* Release */,
			);
			defaultConfigurationIsVisible = 0;
			defaultConfigurationName = Release;
		};
		2E15A6122239AE95009BE659 /* Build configuration list for PBXNativeTarget "Demo App UI Tests" */ = {
			isa = XCConfigurationList;
			buildConfigurations = (
				2E15A60F2239AE95009BE659 /* Debug */,
				2E15A6102239AE95009BE659 /* Release */,
			);
			defaultConfigurationIsVisible = 0;
			defaultConfigurationName = Release;
		};
		2E15A61F2239AED9009BE659 /* Build configuration list for PBXNativeTarget "Unit Tests" */ = {
			isa = XCConfigurationList;
			buildConfigurations = (
				2E15A6202239AED9009BE659 /* Debug */,
				2E15A6212239AED9009BE659 /* Release */,
			);
			defaultConfigurationIsVisible = 0;
			defaultConfigurationName = Release;
		};
		2E51257122397CEA00B7C5BC /* Build configuration list for PBXProject "DeclarativeTableViewController" */ = {
			isa = XCConfigurationList;
			buildConfigurations = (
				2E51257D22397CEA00B7C5BC /* Debug */,
				2E51257E22397CEA00B7C5BC /* Release */,
			);
			defaultConfigurationIsVisible = 0;
			defaultConfigurationName = Release;
		};
		2E51257F22397CEA00B7C5BC /* Build configuration list for PBXNativeTarget "DeclarativeTableViewController" */ = {
			isa = XCConfigurationList;
			buildConfigurations = (
				2E51258022397CEA00B7C5BC /* Debug */,
				2E51258122397CEA00B7C5BC /* Release */,
			);
			defaultConfigurationIsVisible = 0;
			defaultConfigurationName = Release;
		};
/* End XCConfigurationList section */
	};
	rootObject = 2E51256E22397CEA00B7C5BC /* Project object */;
}
